
Microsoft Visual Studio Solution File, Format Version 12.00
# Visual Studio Version 17
VisualStudioVersion = 17.8.34408.163
MinimumVisualStudioVersion = 10.0.40219.1
Project("{8BC9CEB8-8B4A-11D0-8D11-00A0C91BC942}") = "2", "Second\Second.vcxproj", "{DDA15791-E150-40A5-BA0C-8FDA816C1D21}"
EndProject
Project("{8BC9CEB8-8B4A-11D0-8D11-00A0C91BC942}") = "1", "Slide1\Slide1.vcxproj", "{86A5468F-05A8-45F6-8C3E-14992E925921}"
EndProject
Project("{8BC9CEB8-8B4A-11D0-8D11-00A0C91BC942}") = "4", "forth\forth.vcxproj", "{17FD9279-1F91-4806-8BDA-3A529EAB42C4}"
EndProject
Project("{8BC9CEB8-8B4A-11D0-8D11-00A0C91BC942}") = "3", "Third\Third.vcxproj", "{7176E844-3136-4D4D-B014-C903A5B59C0F}"
EndProject
Project("{8BC9CEB8-8B4A-11D0-8D11-00A0C91BC942}") = "5", "fifth\fifth.vcxproj", "{863977C8-7E08-42C5-9301-5E7C75F9F3D1}"
EndProject
Project("{8BC9CEB8-8B4A-11D0-8D11-00A0C91BC942}") = "6", "sixth\sixth.vcxproj", "{67FAA6D4-546F-4D4D-9D52-79F7BDE21DB5}"
EndProject
Project("{8BC9CEB8-8B4A-11D0-8D11-00A0C91BC942}") = "7", "Seventh\Seventh.vcxproj", "{58CC7A9D-5C67-4E79-849B-2B145147A300}"
EndProject
Project("{8BC9CEB8-8B4A-11D0-8D11-00A0C91BC942}") = "8", "Eighth\Eighth.vcxproj", "{4795B4A8-F869-4B49-8A7B-3EFA56592C2E}"
EndProject
Project("{8BC9CEB8-8B4A-11D0-8D11-00A0C91BC942}") = "9", "Nineth\Nineth.vcxproj", "{41852A62-211D-4C5F-B2D0-E824FF4AB5E5}"
EndProject
Project("{8BC9CEB8-8B4A-11D0-8D11-00A0C91BC942}") = "10", "tenth\tenth.vcxproj", "{5D7FCCF3-5571-4F53-9FF1-296E70EFED83}"
EndProject
Project("{8BC9CEB8-8B4A-11D0-8D11-00A0C91BC942}") = "12", "Twelfth\Twelfth.vcxproj", "{083BD45F-E40D-4E2A-B3E1-D6F36D5B8401}"
EndProject
Project("{8BC9CEB8-8B4A-11D0-8D11-00A0C91BC942}") = "13", "Thirteenth\Thirteenth.vcxproj", "{EAB1E300-24D6-43E6-B5DD-9730CD003BBA}"
EndProject
Project("{8BC9CEB8-8B4A-11D0-8D11-00A0C91BC942}") = "14", "Forteenth\Forteenth.vcxproj", "{19239DE8-CBE7-4B5D-9813-3E5A4E4EA662}"
EndProject
Project("{8BC9CEB8-8B4A-11D0-8D11-00A0C91BC942}") = "15", "fifteenth\fifteenth.vcxproj", "{D0EC344E-5098-4A6F-BD13-D5A1B8E354DB}"
EndProject
Project("{8BC9CEB8-8B4A-11D0-8D11-00A0C91BC942}") = "16", "Sixteenth\Sixteenth.vcxproj", "{1763EB6C-1FA0-40D6-9944-7DB9B001CF9F}"
EndProject
Project("{8BC9CEB8-8B4A-11D0-8D11-00A0C91BC942}") = "17", "Seventeenth\Seventeenth.vcxproj", "{C433687B-6A03-4780-A2E4-9FC26C56D281}"
EndProject
Project("{8BC9CEB8-8B4A-11D0-8D11-00A0C91BC942}") = "18", "Eighteenth\Eighteenth.vcxproj", "{74D1BFC6-223C-4E3A-805B-E66CFB666A0C}"
EndProject
Project("{8BC9CEB8-8B4A-11D0-8D11-00A0C91BC942}") = "19", "19\19.vcxproj", "{EF0DE5CF-B272-4073-A02F-8F977300ABE1}"
EndProject
Project("{8BC9CEB8-8B4A-11D0-8D11-00A0C91BC942}") = "20", "20\20.vcxproj", "{E83620F4-F2DE-41B4-B557-387D1F483275}"
EndProject
Global
	GlobalSection(SolutionConfigurationPlatforms) = preSolution
		Debug|x64 = Debug|x64
		Debug|x86 = Debug|x86
		Release|x64 = Release|x64
		Release|x86 = Release|x86
	EndGlobalSection
	GlobalSection(ProjectConfigurationPlatforms) = postSolution
		{DDA15791-E150-40A5-BA0C-8FDA816C1D21}.Debug|x64.ActiveCfg = Debug|x64
		{DDA15791-E150-40A5-BA0C-8FDA816C1D21}.Debug|x64.Build.0 = Debug|x64
		{DDA15791-E150-40A5-BA0C-8FDA816C1D21}.Debug|x86.ActiveCfg = Debug|Win32
		{DDA15791-E150-40A5-BA0C-8FDA816C1D21}.Debug|x86.Build.0 = Debug|Win32
		{DDA15791-E150-40A5-BA0C-8FDA816C1D21}.Release|x64.ActiveCfg = Release|x64
		{DDA15791-E150-40A5-BA0C-8FDA816C1D21}.Release|x64.Build.0 = Release|x64
		{DDA15791-E150-40A5-BA0C-8FDA816C1D21}.Release|x86.ActiveCfg = Release|Win32
		{DDA15791-E150-40A5-BA0C-8FDA816C1D21}.Release|x86.Build.0 = Release|Win32
		{86A5468F-05A8-45F6-8C3E-14992E925921}.Debug|x64.ActiveCfg = Debug|x64
		{86A5468F-05A8-45F6-8C3E-14992E925921}.Debug|x64.Build.0 = Debug|x64
		{86A5468F-05A8-45F6-8C3E-14992E925921}.Debug|x86.ActiveCfg = Debug|Win32
		{86A5468F-05A8-45F6-8C3E-14992E925921}.Debug|x86.Build.0 = Debug|Win32
		{86A5468F-05A8-45F6-8C3E-14992E925921}.Release|x64.ActiveCfg = Release|x64
		{86A5468F-05A8-45F6-8C3E-14992E925921}.Release|x64.Build.0 = Release|x64
		{86A5468F-05A8-45F6-8C3E-14992E925921}.Release|x86.ActiveCfg = Release|Win32
		{86A5468F-05A8-45F6-8C3E-14992E925921}.Release|x86.Build.0 = Release|Win32
		{17FD9279-1F91-4806-8BDA-3A529EAB42C4}.Debug|x64.ActiveCfg = Debug|x64
		{17FD9279-1F91-4806-8BDA-3A529EAB42C4}.Debug|x64.Build.0 = Debug|x64
		{17FD9279-1F91-4806-8BDA-3A529EAB42C4}.Debug|x86.ActiveCfg = Debug|Win32
		{17FD9279-1F91-4806-8BDA-3A529EAB42C4}.Debug|x86.Build.0 = Debug|Win32
		{17FD9279-1F91-4806-8BDA-3A529EAB42C4}.Release|x64.ActiveCfg = Release|x64
		{17FD9279-1F91-4806-8BDA-3A529EAB42C4}.Release|x64.Build.0 = Release|x64
		{17FD9279-1F91-4806-8BDA-3A529EAB42C4}.Release|x86.ActiveCfg = Release|Win32
		{17FD9279-1F91-4806-8BDA-3A529EAB42C4}.Release|x86.Build.0 = Release|Win32
		{7176E844-3136-4D4D-B014-C903A5B59C0F}.Debug|x64.ActiveCfg = Debug|x64
		{7176E844-3136-4D4D-B014-C903A5B59C0F}.Debug|x64.Build.0 = Debug|x64
		{7176E844-3136-4D4D-B014-C903A5B59C0F}.Debug|x86.ActiveCfg = Debug|Win32
		{7176E844-3136-4D4D-B014-C903A5B59C0F}.Debug|x86.Build.0 = Debug|Win32
		{7176E844-3136-4D4D-B014-C903A5B59C0F}.Release|x64.ActiveCfg = Release|x64
		{7176E844-3136-4D4D-B014-C903A5B59C0F}.Release|x64.Build.0 = Release|x64
		{7176E844-3136-4D4D-B014-C903A5B59C0F}.Release|x86.ActiveCfg = Release|Win32
		{7176E844-3136-4D4D-B014-C903A5B59C0F}.Release|x86.Build.0 = Release|Win32
		{863977C8-7E08-42C5-9301-5E7C75F9F3D1}.Debug|x64.ActiveCfg = Debug|x64
		{863977C8-7E08-42C5-9301-5E7C75F9F3D1}.Debug|x64.Build.0 = Debug|x64
		{863977C8-7E08-42C5-9301-5E7C75F9F3D1}.Debug|x86.ActiveCfg = Debug|Win32
		{863977C8-7E08-42C5-9301-5E7C75F9F3D1}.Debug|x86.Build.0 = Debug|Win32
		{863977C8-7E08-42C5-9301-5E7C75F9F3D1}.Release|x64.ActiveCfg = Release|x64
		{863977C8-7E08-42C5-9301-5E7C75F9F3D1}.Release|x64.Build.0 = Release|x64
		{863977C8-7E08-42C5-9301-5E7C75F9F3D1}.Release|x86.ActiveCfg = Release|Win32
		{863977C8-7E08-42C5-9301-5E7C75F9F3D1}.Release|x86.Build.0 = Release|Win32
		{67FAA6D4-546F-4D4D-9D52-79F7BDE21DB5}.Debug|x64.ActiveCfg = Debug|x64
		{67FAA6D4-546F-4D4D-9D52-79F7BDE21DB5}.Debug|x64.Build.0 = Debug|x64
		{67FAA6D4-546F-4D4D-9D52-79F7BDE21DB5}.Debug|x86.ActiveCfg = Debug|Win32
		{67FAA6D4-546F-4D4D-9D52-79F7BDE21DB5}.Debug|x86.Build.0 = Debug|Win32
		{67FAA6D4-546F-4D4D-9D52-79F7BDE21DB5}.Release|x64.ActiveCfg = Release|x64
		{67FAA6D4-546F-4D4D-9D52-79F7BDE21DB5}.Release|x64.Build.0 = Release|x64
		{67FAA6D4-546F-4D4D-9D52-79F7BDE21DB5}.Release|x86.ActiveCfg = Release|Win32
		{67FAA6D4-546F-4D4D-9D52-79F7BDE21DB5}.Release|x86.Build.0 = Release|Win32
		{58CC7A9D-5C67-4E79-849B-2B145147A300}.Debug|x64.ActiveCfg = Debug|x64
		{58CC7A9D-5C67-4E79-849B-2B145147A300}.Debug|x64.Build.0 = Debug|x64
		{58CC7A9D-5C67-4E79-849B-2B145147A300}.Debug|x86.ActiveCfg = Debug|Win32
		{58CC7A9D-5C67-4E79-849B-2B145147A300}.Debug|x86.Build.0 = Debug|Win32
		{58CC7A9D-5C67-4E79-849B-2B145147A300}.Release|x64.ActiveCfg = Release|x64
		{58CC7A9D-5C67-4E79-849B-2B145147A300}.Release|x64.Build.0 = Release|x64
		{58CC7A9D-5C67-4E79-849B-2B145147A300}.Release|x86.ActiveCfg = Release|Win32
		{58CC7A9D-5C67-4E79-849B-2B145147A300}.Release|x86.Build.0 = Release|Win32
		{4795B4A8-F869-4B49-8A7B-3EFA56592C2E}.Debug|x64.ActiveCfg = Debug|x64
		{4795B4A8-F869-4B49-8A7B-3EFA56592C2E}.Debug|x64.Build.0 = Debug|x64
		{4795B4A8-F869-4B49-8A7B-3EFA56592C2E}.Debug|x86.ActiveCfg = Debug|Win32
		{4795B4A8-F869-4B49-8A7B-3EFA56592C2E}.Debug|x86.Build.0 = Debug|Win32
		{4795B4A8-F869-4B49-8A7B-3EFA56592C2E}.Release|x64.ActiveCfg = Release|x64
		{4795B4A8-F869-4B49-8A7B-3EFA56592C2E}.Release|x64.Build.0 = Release|x64
		{4795B4A8-F869-4B49-8A7B-3EFA56592C2E}.Release|x86.ActiveCfg = Release|Win32
		{4795B4A8-F869-4B49-8A7B-3EFA56592C2E}.Release|x86.Build.0 = Release|Win32
		{41852A62-211D-4C5F-B2D0-E824FF4AB5E5}.Debug|x64.ActiveCfg = Debug|x64
		{41852A62-211D-4C5F-B2D0-E824FF4AB5E5}.Debug|x64.Build.0 = Debug|x64
		{41852A62-211D-4C5F-B2D0-E824FF4AB5E5}.Debug|x86.ActiveCfg = Debug|Win32
		{41852A62-211D-4C5F-B2D0-E824FF4AB5E5}.Debug|x86.Build.0 = Debug|Win32
		{41852A62-211D-4C5F-B2D0-E824FF4AB5E5}.Release|x64.ActiveCfg = Release|x64
		{41852A62-211D-4C5F-B2D0-E824FF4AB5E5}.Release|x64.Build.0 = Release|x64
		{41852A62-211D-4C5F-B2D0-E824FF4AB5E5}.Release|x86.ActiveCfg = Release|Win32
		{41852A62-211D-4C5F-B2D0-E824FF4AB5E5}.Release|x86.Build.0 = Release|Win32
		{5D7FCCF3-5571-4F53-9FF1-296E70EFED83}.Debug|x64.ActiveCfg = Debug|x64
		{5D7FCCF3-5571-4F53-9FF1-296E70EFED83}.Debug|x64.Build.0 = Debug|x64
		{5D7FCCF3-5571-4F53-9FF1-296E70EFED83}.Debug|x86.ActiveCfg = Debug|Win32
		{5D7FCCF3-5571-4F53-9FF1-296E70EFED83}.Debug|x86.Build.0 = Debug|Win32
		{5D7FCCF3-5571-4F53-9FF1-296E70EFED83}.Release|x64.ActiveCfg = Release|x64
		{5D7FCCF3-5571-4F53-9FF1-296E70EFED83}.Release|x64.Build.0 = Release|x64
		{5D7FCCF3-5571-4F53-9FF1-296E70EFED83}.Release|x86.ActiveCfg = Release|Win32
		{5D7FCCF3-5571-4F53-9FF1-296E70EFED83}.Release|x86.Build.0 = Release|Win32
		{083BD45F-E40D-4E2A-B3E1-D6F36D5B8401}.Debug|x64.ActiveCfg = Debug|x64
		{083BD45F-E40D-4E2A-B3E1-D6F36D5B8401}.Debug|x64.Build.0 = Debug|x64
		{083BD45F-E40D-4E2A-B3E1-D6F36D5B8401}.Debug|x86.ActiveCfg = Debug|Win32
		{083BD45F-E40D-4E2A-B3E1-D6F36D5B8401}.Debug|x86.Build.0 = Debug|Win32
		{083BD45F-E40D-4E2A-B3E1-D6F36D5B8401}.Release|x64.ActiveCfg = Release|x64
		{083BD45F-E40D-4E2A-B3E1-D6F36D5B8401}.Release|x64.Build.0 = Release|x64
		{083BD45F-E40D-4E2A-B3E1-D6F36D5B8401}.Release|x86.ActiveCfg = Release|Win32
		{083BD45F-E40D-4E2A-B3E1-D6F36D5B8401}.Release|x86.Build.0 = Release|Win32
		{EAB1E300-24D6-43E6-B5DD-9730CD003BBA}.Debug|x64.ActiveCfg = Debug|x64
		{EAB1E300-24D6-43E6-B5DD-9730CD003BBA}.Debug|x64.Build.0 = Debug|x64
		{EAB1E300-24D6-43E6-B5DD-9730CD003BBA}.Debug|x86.ActiveCfg = Debug|Win32
		{EAB1E300-24D6-43E6-B5DD-9730CD003BBA}.Debug|x86.Build.0 = Debug|Win32
		{EAB1E300-24D6-43E6-B5DD-9730CD003BBA}.Release|x64.ActiveCfg = Release|x64
		{EAB1E300-24D6-43E6-B5DD-9730CD003BBA}.Release|x64.Build.0 = Release|x64
		{EAB1E300-24D6-43E6-B5DD-9730CD003BBA}.Release|x86.ActiveCfg = Release|Win32
		{EAB1E300-24D6-43E6-B5DD-9730CD003BBA}.Release|x86.Build.0 = Release|Win32
		{19239DE8-CBE7-4B5D-9813-3E5A4E4EA662}.Debug|x64.ActiveCfg = Debug|x64
		{19239DE8-CBE7-4B5D-9813-3E5A4E4EA662}.Debug|x64.Build.0 = Debug|x64
		{19239DE8-CBE7-4B5D-9813-3E5A4E4EA662}.Debug|x86.ActiveCfg = Debug|Win32
		{19239DE8-CBE7-4B5D-9813-3E5A4E4EA662}.Debug|x86.Build.0 = Debug|Win32
		{19239DE8-CBE7-4B5D-9813-3E5A4E4EA662}.Release|x64.ActiveCfg = Release|x64
		{19239DE8-CBE7-4B5D-9813-3E5A4E4EA662}.Release|x64.Build.0 = Release|x64
		{19239DE8-CBE7-4B5D-9813-3E5A4E4EA662}.Release|x86.ActiveCfg = Release|Win32
		{19239DE8-CBE7-4B5D-9813-3E5A4E4EA662}.Release|x86.Build.0 = Release|Win32
		{D0EC344E-5098-4A6F-BD13-D5A1B8E354DB}.Debug|x64.ActiveCfg = Debug|x64
		{D0EC344E-5098-4A6F-BD13-D5A1B8E354DB}.Debug|x64.Build.0 = Debug|x64
		{D0EC344E-5098-4A6F-BD13-D5A1B8E354DB}.Debug|x86.ActiveCfg = Debug|Win32
		{D0EC344E-5098-4A6F-BD13-D5A1B8E354DB}.Debug|x86.Build.0 = Debug|Win32
		{D0EC344E-5098-4A6F-BD13-D5A1B8E354DB}.Release|x64.ActiveCfg = Release|x64
		{D0EC344E-5098-4A6F-BD13-D5A1B8E354DB}.Release|x64.Build.0 = Release|x64
		{D0EC344E-5098-4A6F-BD13-D5A1B8E354DB}.Release|x86.ActiveCfg = Release|Win32
		{D0EC344E-5098-4A6F-BD13-D5A1B8E354DB}.Release|x86.Build.0 = Release|Win32
		{1763EB6C-1FA0-40D6-9944-7DB9B001CF9F}.Debug|x64.ActiveCfg = Debug|x64
		{1763EB6C-1FA0-40D6-9944-7DB9B001CF9F}.Debug|x64.Build.0 = Debug|x64
		{1763EB6C-1FA0-40D6-9944-7DB9B001CF9F}.Debug|x86.ActiveCfg = Debug|Win32
		{1763EB6C-1FA0-40D6-9944-7DB9B001CF9F}.Debug|x86.Build.0 = Debug|Win32
		{1763EB6C-1FA0-40D6-9944-7DB9B001CF9F}.Release|x64.ActiveCfg = Release|x64
		{1763EB6C-1FA0-40D6-9944-7DB9B001CF9F}.Release|x64.Build.0 = Release|x64
		{1763EB6C-1FA0-40D6-9944-7DB9B001CF9F}.Release|x86.ActiveCfg = Release|Win32
		{1763EB6C-1FA0-40D6-9944-7DB9B001CF9F}.Release|x86.Build.0 = Release|Win32
		{C433687B-6A03-4780-A2E4-9FC26C56D281}.Debug|x64.ActiveCfg = Debug|x64
		{C433687B-6A03-4780-A2E4-9FC26C56D281}.Debug|x64.Build.0 = Debug|x64
		{C433687B-6A03-4780-A2E4-9FC26C56D281}.Debug|x86.ActiveCfg = Debug|Win32
		{C433687B-6A03-4780-A2E4-9FC26C56D281}.Debug|x86.Build.0 = Debug|Win32
		{C433687B-6A03-4780-A2E4-9FC26C56D281}.Release|x64.ActiveCfg = Release|x64
		{C433687B-6A03-4780-A2E4-9FC26C56D281}.Release|x64.Build.0 = Release|x64
		{C433687B-6A03-4780-A2E4-9FC26C56D281}.Release|x86.ActiveCfg = Release|Win32
		{C433687B-6A03-4780-A2E4-9FC26C56D281}.Release|x86.Build.0 = Release|Win32
		{74D1BFC6-223C-4E3A-805B-E66CFB666A0C}.Debug|x64.ActiveCfg = Debug|x64
		{74D1BFC6-223C-4E3A-805B-E66CFB666A0C}.Debug|x64.Build.0 = Debug|x64
		{74D1BFC6-223C-4E3A-805B-E66CFB666A0C}.Debug|x86.ActiveCfg = Debug|Win32
		{74D1BFC6-223C-4E3A-805B-E66CFB666A0C}.Debug|x86.Build.0 = Debug|Win32
		{74D1BFC6-223C-4E3A-805B-E66CFB666A0C}.Release|x64.ActiveCfg = Release|x64
		{74D1BFC6-223C-4E3A-805B-E66CFB666A0C}.Release|x64.Build.0 = Release|x64
		{74D1BFC6-223C-4E3A-805B-E66CFB666A0C}.Release|x86.ActiveCfg = Release|Win32
		{74D1BFC6-223C-4E3A-805B-E66CFB666A0C}.Release|x86.Build.0 = Release|Win32
		{EF0DE5CF-B272-4073-A02F-8F977300ABE1}.Debug|x64.ActiveCfg = Debug|x64
		{EF0DE5CF-B272-4073-A02F-8F977300ABE1}.Debug|x64.Build.0 = Debug|x64
		{EF0DE5CF-B272-4073-A02F-8F977300ABE1}.Debug|x86.ActiveCfg = Debug|Win32
		{EF0DE5CF-B272-4073-A02F-8F977300ABE1}.Debug|x86.Build.0 = Debug|Win32
		{EF0DE5CF-B272-4073-A02F-8F977300ABE1}.Release|x64.ActiveCfg = Release|x64
		{EF0DE5CF-B272-4073-A02F-8F977300ABE1}.Release|x64.Build.0 = Release|x64
		{EF0DE5CF-B272-4073-A02F-8F977300ABE1}.Release|x86.ActiveCfg = Release|Win32
		{EF0DE5CF-B272-4073-A02F-8F977300ABE1}.Release|x86.Build.0 = Release|Win32
		{E83620F4-F2DE-41B4-B557-387D1F483275}.Debug|x64.ActiveCfg = Debug|x64
		{E83620F4-F2DE-41B4-B557-387D1F483275}.Debug|x64.Build.0 = Debug|x64
		{E83620F4-F2DE-41B4-B557-387D1F483275}.Debug|x86.ActiveCfg = Debug|Win32
		{E83620F4-F2DE-41B4-B557-387D1F483275}.Debug|x86.Build.0 = Debug|Win32
		{E83620F4-F2DE-41B4-B557-387D1F483275}.Release|x64.ActiveCfg = Release|x64
		{E83620F4-F2DE-41B4-B557-387D1F483275}.Release|x64.Build.0 = Release|x64
		{E83620F4-F2DE-41B4-B557-387D1F483275}.Release|x86.ActiveCfg = Release|Win32
		{E83620F4-F2DE-41B4-B557-387D1F483275}.Release|x86.Build.0 = Release|Win32
	EndGlobalSection
	GlobalSection(SolutionProperties) = preSolution
		HideSolutionNode = FALSE
	EndGlobalSection
	GlobalSection(ExtensibilityGlobals) = postSolution
		SolutionGuid = {C1F4F3DE-2660-4222-A930-1B16E969DB2B}
	EndGlobalSection
EndGlobal
